
Microsoft Visual Studio Solution File, Format Version 12.00
# Visual Studio 14
VisualStudioVersion = 14.0.23107.0
MinimumVisualStudioVersion = 10.0.40219.1
Project("{8BC9CEB8-8B4A-11D0-8D11-00A0C91BC942}") = "zajecia_1_1", "zajecia_1_1\zajecia_1_1.vcxproj", "{D2A36C38-BC5D-4FBC-B721-B8A8413A85E9}"
EndProject
Project("{8BC9CEB8-8B4A-11D0-8D11-00A0C91BC942}") = "zajecia_1_2", "zajecia_1_2\zajecia_1_2.vcxproj", "{00D57820-1F19-4D73-AA03-1CFFC08D5028}"
EndProject
Project("{8BC9CEB8-8B4A-11D0-8D11-00A0C91BC942}") = "zajecia_1_3", "zajecia_1_3\zajecia_1_3.vcxproj", "{A7E0429C-3BC0-4904-92AD-35D5FD261045}"
EndProject
Project("{8BC9CEB8-8B4A-11D0-8D11-00A0C91BC942}") = "pliki", "pliki\pliki.vcxproj", "{42B6EBAD-1649-4729-A41B-9B0C1D0142E2}"
EndProject
Project("{8BC9CEB8-8B4A-11D0-8D11-00A0C91BC942}") = "zajecia_2", "zajecia_2\zajecia_2.vcxproj", "{22425E8E-9278-4096-B82D-344312482EBA}"
EndProject
Project("{8BC9CEB8-8B4A-11D0-8D11-00A0C91BC942}") = "zajecia_3", "zajecia_3\zajecia_3.vcxproj", "{437FCBDE-334E-42C9-BB8C-8B126BE6FEDA}"
EndProject
Project("{8BC9CEB8-8B4A-11D0-8D11-00A0C91BC942}") = "zajecia_4", "zajecia_4\zajecia_4.vcxproj", "{538C6CE9-294F-41F8-965F-AFC683E96CB4}"
EndProject
Project("{8BC9CEB8-8B4A-11D0-8D11-00A0C91BC942}") = "zajecia_5", "zajecia_5\zajecia_5.vcxproj", "{68D65502-AE43-4888-B47B-EF9E710E595C}"
EndProject
Project("{8BC9CEB8-8B4A-11D0-8D11-00A0C91BC942}") = "zajecia_6", "zajecia_6\zajecia_6.vcxproj", "{C891AF93-D713-44B6-BF72-85DFB7E6F319}"
EndProject
Project("{8BC9CEB8-8B4A-11D0-8D11-00A0C91BC942}") = "zajecia_7", "zajecia_7\zajecia_7.vcxproj", "{BA94A353-E107-431F-A947-3BD3CEC33670}"
EndProject
Project("{8BC9CEB8-8B4A-11D0-8D11-00A0C91BC942}") = "projekt_football", "projekt_football\projekt_football.vcxproj", "{689E507D-3BCA-492D-BAC0-523158ED210E}"
EndProject
Project("{8BC9CEB8-8B4A-11D0-8D11-00A0C91BC942}") = "Projekt1", "Projekt1\Projekt1.vcxproj", "{423EDC94-1559-4517-93F4-EBB936BE03F7}"
EndProject
Project("{8BC9CEB8-8B4A-11D0-8D11-00A0C91BC942}") = "project_PO", "project_PO\project_PO.vcxproj", "{A6FF3416-0D19-423B-8643-C6740881CC53}"
EndProject
Project("{8BC9CEB8-8B4A-11D0-8D11-00A0C91BC942}") = "flagi_formatowanie", "flagi_formatowanie\flagi_formatowanie.vcxproj", "{702797A0-268A-4A3A-BB97-9DED49B18699}"
EndProject
Project("{8BC9CEB8-8B4A-11D0-8D11-00A0C91BC942}") = "Zegar_formatowanie", "Zegar_formatowanie\Zegar_formatowanie.vcxproj", "{9D9EB63C-A746-4678-B945-70A027895187}"
EndProject
Global
	GlobalSection(SolutionConfigurationPlatforms) = preSolution
		Debug|x64 = Debug|x64
		Debug|x86 = Debug|x86
		Release|x64 = Release|x64
		Release|x86 = Release|x86
	EndGlobalSection
	GlobalSection(ProjectConfigurationPlatforms) = postSolution
		{D2A36C38-BC5D-4FBC-B721-B8A8413A85E9}.Debug|x64.ActiveCfg = Debug|x64
		{D2A36C38-BC5D-4FBC-B721-B8A8413A85E9}.Debug|x64.Build.0 = Debug|x64
		{D2A36C38-BC5D-4FBC-B721-B8A8413A85E9}.Debug|x86.ActiveCfg = Debug|Win32
		{D2A36C38-BC5D-4FBC-B721-B8A8413A85E9}.Debug|x86.Build.0 = Debug|Win32
		{D2A36C38-BC5D-4FBC-B721-B8A8413A85E9}.Release|x64.ActiveCfg = Release|x64
		{D2A36C38-BC5D-4FBC-B721-B8A8413A85E9}.Release|x64.Build.0 = Release|x64
		{D2A36C38-BC5D-4FBC-B721-B8A8413A85E9}.Release|x86.ActiveCfg = Release|Win32
		{D2A36C38-BC5D-4FBC-B721-B8A8413A85E9}.Release|x86.Build.0 = Release|Win32
		{00D57820-1F19-4D73-AA03-1CFFC08D5028}.Debug|x64.ActiveCfg = Debug|x64
		{00D57820-1F19-4D73-AA03-1CFFC08D5028}.Debug|x64.Build.0 = Debug|x64
		{00D57820-1F19-4D73-AA03-1CFFC08D5028}.Debug|x86.ActiveCfg = Debug|Win32
		{00D57820-1F19-4D73-AA03-1CFFC08D5028}.Debug|x86.Build.0 = Debug|Win32
		{00D57820-1F19-4D73-AA03-1CFFC08D5028}.Release|x64.ActiveCfg = Release|x64
		{00D57820-1F19-4D73-AA03-1CFFC08D5028}.Release|x64.Build.0 = Release|x64
		{00D57820-1F19-4D73-AA03-1CFFC08D5028}.Release|x86.ActiveCfg = Release|Win32
		{00D57820-1F19-4D73-AA03-1CFFC08D5028}.Release|x86.Build.0 = Release|Win32
		{A7E0429C-3BC0-4904-92AD-35D5FD261045}.Debug|x64.ActiveCfg = Debug|x64
		{A7E0429C-3BC0-4904-92AD-35D5FD261045}.Debug|x64.Build.0 = Debug|x64
		{A7E0429C-3BC0-4904-92AD-35D5FD261045}.Debug|x86.ActiveCfg = Debug|Win32
		{A7E0429C-3BC0-4904-92AD-35D5FD261045}.Debug|x86.Build.0 = Debug|Win32
		{A7E0429C-3BC0-4904-92AD-35D5FD261045}.Release|x64.ActiveCfg = Release|x64
		{A7E0429C-3BC0-4904-92AD-35D5FD261045}.Release|x64.Build.0 = Release|x64
		{A7E0429C-3BC0-4904-92AD-35D5FD261045}.Release|x86.ActiveCfg = Release|Win32
		{A7E0429C-3BC0-4904-92AD-35D5FD261045}.Release|x86.Build.0 = Release|Win32
		{42B6EBAD-1649-4729-A41B-9B0C1D0142E2}.Debug|x64.ActiveCfg = Debug|x64
		{42B6EBAD-1649-4729-A41B-9B0C1D0142E2}.Debug|x64.Build.0 = Debug|x64
		{42B6EBAD-1649-4729-A41B-9B0C1D0142E2}.Debug|x86.ActiveCfg = Debug|Win32
		{42B6EBAD-1649-4729-A41B-9B0C1D0142E2}.Debug|x86.Build.0 = Debug|Win32
		{42B6EBAD-1649-4729-A41B-9B0C1D0142E2}.Release|x64.ActiveCfg = Release|x64
		{42B6EBAD-1649-4729-A41B-9B0C1D0142E2}.Release|x64.Build.0 = Release|x64
		{42B6EBAD-1649-4729-A41B-9B0C1D0142E2}.Release|x86.ActiveCfg = Release|Win32
		{42B6EBAD-1649-4729-A41B-9B0C1D0142E2}.Release|x86.Build.0 = Release|Win32
		{22425E8E-9278-4096-B82D-344312482EBA}.Debug|x64.ActiveCfg = Debug|x64
		{22425E8E-9278-4096-B82D-344312482EBA}.Debug|x64.Build.0 = Debug|x64
		{22425E8E-9278-4096-B82D-344312482EBA}.Debug|x86.ActiveCfg = Debug|Win32
		{22425E8E-9278-4096-B82D-344312482EBA}.Debug|x86.Build.0 = Debug|Win32
		{22425E8E-9278-4096-B82D-344312482EBA}.Release|x64.ActiveCfg = Release|x64
		{22425E8E-9278-4096-B82D-344312482EBA}.Release|x64.Build.0 = Release|x64
		{22425E8E-9278-4096-B82D-344312482EBA}.Release|x86.ActiveCfg = Release|Win32
		{22425E8E-9278-4096-B82D-344312482EBA}.Release|x86.Build.0 = Release|Win32
		{437FCBDE-334E-42C9-BB8C-8B126BE6FEDA}.Debug|x64.ActiveCfg = Debug|x64
		{437FCBDE-334E-42C9-BB8C-8B126BE6FEDA}.Debug|x64.Build.0 = Debug|x64
		{437FCBDE-334E-42C9-BB8C-8B126BE6FEDA}.Debug|x86.ActiveCfg = Debug|Win32
		{437FCBDE-334E-42C9-BB8C-8B126BE6FEDA}.Debug|x86.Build.0 = Debug|Win32
		{437FCBDE-334E-42C9-BB8C-8B126BE6FEDA}.Release|x64.ActiveCfg = Release|x64
		{437FCBDE-334E-42C9-BB8C-8B126BE6FEDA}.Release|x64.Build.0 = Release|x64
		{437FCBDE-334E-42C9-BB8C-8B126BE6FEDA}.Release|x86.ActiveCfg = Release|Win32
		{437FCBDE-334E-42C9-BB8C-8B126BE6FEDA}.Release|x86.Build.0 = Release|Win32
		{538C6CE9-294F-41F8-965F-AFC683E96CB4}.Debug|x64.ActiveCfg = Debug|x64
		{538C6CE9-294F-41F8-965F-AFC683E96CB4}.Debug|x64.Build.0 = Debug|x64
		{538C6CE9-294F-41F8-965F-AFC683E96CB4}.Debug|x86.ActiveCfg = Debug|Win32
		{538C6CE9-294F-41F8-965F-AFC683E96CB4}.Debug|x86.Build.0 = Debug|Win32
		{538C6CE9-294F-41F8-965F-AFC683E96CB4}.Release|x64.ActiveCfg = Release|x64
		{538C6CE9-294F-41F8-965F-AFC683E96CB4}.Release|x64.Build.0 = Release|x64
		{538C6CE9-294F-41F8-965F-AFC683E96CB4}.Release|x86.ActiveCfg = Release|Win32
		{538C6CE9-294F-41F8-965F-AFC683E96CB4}.Release|x86.Build.0 = Release|Win32
		{68D65502-AE43-4888-B47B-EF9E710E595C}.Debug|x64.ActiveCfg = Debug|x64
		{68D65502-AE43-4888-B47B-EF9E710E595C}.Debug|x64.Build.0 = Debug|x64
		{68D65502-AE43-4888-B47B-EF9E710E595C}.Debug|x86.ActiveCfg = Debug|Win32
		{68D65502-AE43-4888-B47B-EF9E710E595C}.Debug|x86.Build.0 = Debug|Win32
		{68D65502-AE43-4888-B47B-EF9E710E595C}.Release|x64.ActiveCfg = Release|x64
		{68D65502-AE43-4888-B47B-EF9E710E595C}.Release|x64.Build.0 = Release|x64
		{68D65502-AE43-4888-B47B-EF9E710E595C}.Release|x86.ActiveCfg = Release|Win32
		{68D65502-AE43-4888-B47B-EF9E710E595C}.Release|x86.Build.0 = Release|Win32
		{C891AF93-D713-44B6-BF72-85DFB7E6F319}.Debug|x64.ActiveCfg = Debug|x64
		{C891AF93-D713-44B6-BF72-85DFB7E6F319}.Debug|x64.Build.0 = Debug|x64
		{C891AF93-D713-44B6-BF72-85DFB7E6F319}.Debug|x86.ActiveCfg = Debug|Win32
		{C891AF93-D713-44B6-BF72-85DFB7E6F319}.Debug|x86.Build.0 = Debug|Win32
		{C891AF93-D713-44B6-BF72-85DFB7E6F319}.Release|x64.ActiveCfg = Release|x64
		{C891AF93-D713-44B6-BF72-85DFB7E6F319}.Release|x64.Build.0 = Release|x64
		{C891AF93-D713-44B6-BF72-85DFB7E6F319}.Release|x86.ActiveCfg = Release|Win32
		{C891AF93-D713-44B6-BF72-85DFB7E6F319}.Release|x86.Build.0 = Release|Win32
		{BA94A353-E107-431F-A947-3BD3CEC33670}.Debug|x64.ActiveCfg = Debug|x64
		{BA94A353-E107-431F-A947-3BD3CEC33670}.Debug|x64.Build.0 = Debug|x64
		{BA94A353-E107-431F-A947-3BD3CEC33670}.Debug|x86.ActiveCfg = Debug|Win32
		{BA94A353-E107-431F-A947-3BD3CEC33670}.Debug|x86.Build.0 = Debug|Win32
		{BA94A353-E107-431F-A947-3BD3CEC33670}.Release|x64.ActiveCfg = Release|x64
		{BA94A353-E107-431F-A947-3BD3CEC33670}.Release|x64.Build.0 = Release|x64
		{BA94A353-E107-431F-A947-3BD3CEC33670}.Release|x86.ActiveCfg = Release|Win32
		{BA94A353-E107-431F-A947-3BD3CEC33670}.Release|x86.Build.0 = Release|Win32
		{689E507D-3BCA-492D-BAC0-523158ED210E}.Debug|x64.ActiveCfg = Debug|x64
		{689E507D-3BCA-492D-BAC0-523158ED210E}.Debug|x64.Build.0 = Debug|x64
		{689E507D-3BCA-492D-BAC0-523158ED210E}.Debug|x86.ActiveCfg = Debug|Win32
		{689E507D-3BCA-492D-BAC0-523158ED210E}.Debug|x86.Build.0 = Debug|Win32
		{689E507D-3BCA-492D-BAC0-523158ED210E}.Release|x64.ActiveCfg = Release|x64
		{689E507D-3BCA-492D-BAC0-523158ED210E}.Release|x64.Build.0 = Release|x64
		{689E507D-3BCA-492D-BAC0-523158ED210E}.Release|x86.ActiveCfg = Release|Win32
		{689E507D-3BCA-492D-BAC0-523158ED210E}.Release|x86.Build.0 = Release|Win32
		{423EDC94-1559-4517-93F4-EBB936BE03F7}.Debug|x64.ActiveCfg = Debug|x64
		{423EDC94-1559-4517-93F4-EBB936BE03F7}.Debug|x64.Build.0 = Debug|x64
		{423EDC94-1559-4517-93F4-EBB936BE03F7}.Debug|x86.ActiveCfg = Debug|Win32
		{423EDC94-1559-4517-93F4-EBB936BE03F7}.Debug|x86.Build.0 = Debug|Win32
		{423EDC94-1559-4517-93F4-EBB936BE03F7}.Release|x64.ActiveCfg = Release|x64
		{423EDC94-1559-4517-93F4-EBB936BE03F7}.Release|x64.Build.0 = Release|x64
		{423EDC94-1559-4517-93F4-EBB936BE03F7}.Release|x86.ActiveCfg = Release|Win32
		{423EDC94-1559-4517-93F4-EBB936BE03F7}.Release|x86.Build.0 = Release|Win32
		{A6FF3416-0D19-423B-8643-C6740881CC53}.Debug|x64.ActiveCfg = Debug|x64
		{A6FF3416-0D19-423B-8643-C6740881CC53}.Debug|x64.Build.0 = Debug|x64
		{A6FF3416-0D19-423B-8643-C6740881CC53}.Debug|x86.ActiveCfg = Debug|Win32
		{A6FF3416-0D19-423B-8643-C6740881CC53}.Debug|x86.Build.0 = Debug|Win32
		{A6FF3416-0D19-423B-8643-C6740881CC53}.Release|x64.ActiveCfg = Release|x64
		{A6FF3416-0D19-423B-8643-C6740881CC53}.Release|x64.Build.0 = Release|x64
		{A6FF3416-0D19-423B-8643-C6740881CC53}.Release|x86.ActiveCfg = Release|Win32
		{A6FF3416-0D19-423B-8643-C6740881CC53}.Release|x86.Build.0 = Release|Win32
		{702797A0-268A-4A3A-BB97-9DED49B18699}.Debug|x64.ActiveCfg = Debug|x64
		{702797A0-268A-4A3A-BB97-9DED49B18699}.Debug|x64.Build.0 = Debug|x64
		{702797A0-268A-4A3A-BB97-9DED49B18699}.Debug|x86.ActiveCfg = Debug|Win32
		{702797A0-268A-4A3A-BB97-9DED49B18699}.Debug|x86.Build.0 = Debug|Win32
		{702797A0-268A-4A3A-BB97-9DED49B18699}.Release|x64.ActiveCfg = Release|x64
		{702797A0-268A-4A3A-BB97-9DED49B18699}.Release|x64.Build.0 = Release|x64
		{702797A0-268A-4A3A-BB97-9DED49B18699}.Release|x86.ActiveCfg = Release|Win32
		{702797A0-268A-4A3A-BB97-9DED49B18699}.Release|x86.Build.0 = Release|Win32
		{9D9EB63C-A746-4678-B945-70A027895187}.Debug|x64.ActiveCfg = Debug|x64
		{9D9EB63C-A746-4678-B945-70A027895187}.Debug|x64.Build.0 = Debug|x64
		{9D9EB63C-A746-4678-B945-70A027895187}.Debug|x86.ActiveCfg = Debug|Win32
		{9D9EB63C-A746-4678-B945-70A027895187}.Debug|x86.Build.0 = Debug|Win32
		{9D9EB63C-A746-4678-B945-70A027895187}.Release|x64.ActiveCfg = Release|x64
		{9D9EB63C-A746-4678-B945-70A027895187}.Release|x64.Build.0 = Release|x64
		{9D9EB63C-A746-4678-B945-70A027895187}.Release|x86.ActiveCfg = Release|Win32
		{9D9EB63C-A746-4678-B945-70A027895187}.Release|x86.Build.0 = Release|Win32
	EndGlobalSection
	GlobalSection(SolutionProperties) = preSolution
		HideSolutionNode = FALSE
	EndGlobalSection
EndGlobal
